
Microsoft Visual Studio Solution File, Format Version 12.00
# Visual Studio Version 17
VisualStudioVersion = 17.3.32901.215
MinimumVisualStudioVersion = 10.0.40219.1
Project("{FAE04EC0-301F-11D3-BF4B-00C04F79EFBC}") = "MonteCarlo", "MonteCarlo\MonteCarlo.csproj", "{F79C374F-523F-4E0B-BF54-0178D2F95DC0}"
EndProject
Global
	GlobalSection(SolutionConfigurationPlatforms) = preSolution
		Debug|Any CPU = Debug|Any CPU
		Release|Any CPU = Release|Any CPU
	EndGlobalSection
	GlobalSection(ProjectConfigurationPlatforms) = postSolution
		{F79C374F-523F-4E0B-BF54-0178D2F95DC0}.Debug|Any CPU.ActiveCfg = Debug|Any CPU
		{F79C374F-523F-4E0B-BF54-0178D2F95DC0}.Debug|Any CPU.Build.0 = Debug|Any CPU
		{F79C374F-523F-4E0B-BF54-0178D2F95DC0}.Release|Any CPU.ActiveCfg = Release|Any CPU
		{F79C374F-523F-4E0B-BF54-0178D2F95DC0}.Release|Any CPU.Build.0 = Release|Any CPU
	EndGlobalSection
	GlobalSection(SolutionProperties) = preSolution
		HideSolutionNode = FALSE
	EndGlobalSection
	GlobalSection(ExtensibilityGlobals) = postSolution
		SolutionGuid = {6C7CB8CA-712A-424B-B7D5-179CE1651AB6}
	EndGlobalSection
EndGlobal
